// !$*UTF8*$!
{
	archiveVersion = 1;
	classes = {
	};
	objectVersion = 56;
	objects = {

/* Begin PBXBuildFile section */
		373E5C4829251CDA00631727 /* DRIVLABApp.swift in Sources */ = {isa = PBXBuildFile; fileRef = 373E5C4729251CDA00631727 /* DRIVLABApp.swift */; };
		373E5C4A29251CDA00631727 /* ContentView.swift in Sources */ = {isa = PBXBuildFile; fileRef = 373E5C4929251CDA00631727 /* ContentView.swift */; };
		373E5C4C29251CDD00631727 /* Assets.xcassets in Resources */ = {isa = PBXBuildFile; fileRef = 373E5C4B29251CDD00631727 /* Assets.xcassets */; };
		373E5C4F29251CDD00631727 /* Preview Assets.xcassets in Resources */ = {isa = PBXBuildFile; fileRef = 373E5C4E29251CDD00631727 /* Preview Assets.xcassets */; };
		373E5C5929251CDD00631727 /* DRIVLABTests.swift in Sources */ = {isa = PBXBuildFile; fileRef = 373E5C5829251CDD00631727 /* DRIVLABTests.swift */; };
		373E5C6329251CDD00631727 /* DRIVLABUITests.swift in Sources */ = {isa = PBXBuildFile; fileRef = 373E5C6229251CDD00631727 /* DRIVLABUITests.swift */; };
		373E5C6529251CDD00631727 /* DRIVLABUITestsLaunchTests.swift in Sources */ = {isa = PBXBuildFile; fileRef = 373E5C6429251CDD00631727 /* DRIVLABUITestsLaunchTests.swift */; };
		373E5C7229251D7400631727 /* ProfileView.swift in Sources */ = {isa = PBXBuildFile; fileRef = 373E5C7129251D7400631727 /* ProfileView.swift */; };
		373E5C7429251DBB00631727 /* CameraView.swift in Sources */ = {isa = PBXBuildFile; fileRef = 373E5C7329251DBB00631727 /* CameraView.swift */; };
		373E5C762925200400631727 /* LeaderboardView.swift in Sources */ = {isa = PBXBuildFile; fileRef = 373E5C752925200400631727 /* LeaderboardView.swift */; };
		373E5C78292522EE00631727 /* ActivityView.swift in Sources */ = {isa = PBXBuildFile; fileRef = 373E5C77292522EE00631727 /* ActivityView.swift */; };
		373E5C7A292525F800631727 /* SettingsView.swift in Sources */ = {isa = PBXBuildFile; fileRef = 373E5C79292525F800631727 /* SettingsView.swift */; };
		373E5C7C2925403B00631727 /* ActivityDetailsView.swift in Sources */ = {isa = PBXBuildFile; fileRef = 373E5C7B2925403B00631727 /* ActivityDetailsView.swift */; };
		373E5CC229258BBE00631727 /* ProfileStatsView.swift in Sources */ = {isa = PBXBuildFile; fileRef = 373E5CC129258BBE00631727 /* ProfileStatsView.swift */; };
		373E5CC429258BEB00631727 /* Drive.swift in Sources */ = {isa = PBXBuildFile; fileRef = 373E5CC329258BEB00631727 /* Drive.swift */; };
		373E5CC629258C0100631727 /* User.swift in Sources */ = {isa = PBXBuildFile; fileRef = 373E5CC529258C0100631727 /* User.swift */; };
/* End PBXBuildFile section */

/* Begin PBXContainerItemProxy section */
		373E5C5529251CDD00631727 /* PBXContainerItemProxy */ = {
			isa = PBXContainerItemProxy;
			containerPortal = 373E5C3C29251CDA00631727 /* Project object */;
			proxyType = 1;
			remoteGlobalIDString = 373E5C4329251CDA00631727;
			remoteInfo = DRIVLAB;
		};
		373E5C5F29251CDD00631727 /* PBXContainerItemProxy */ = {
			isa = PBXContainerItemProxy;
			containerPortal = 373E5C3C29251CDA00631727 /* Project object */;
			proxyType = 1;
			remoteGlobalIDString = 373E5C4329251CDA00631727;
			remoteInfo = DRIVLAB;
		};
/* End PBXContainerItemProxy section */

/* Begin PBXFileReference section */
		373E5C4429251CDA00631727 /* DRIVLAB.app */ = {isa = PBXFileReference; explicitFileType = wrapper.application; includeInIndex = 0; path = DRIVLAB.app; sourceTree = BUILT_PRODUCTS_DIR; };
		373E5C4729251CDA00631727 /* DRIVLABApp.swift */ = {isa = PBXFileReference; lastKnownFileType = sourcecode.swift; path = DRIVLABApp.swift; sourceTree = "<group>"; };
		373E5C4929251CDA00631727 /* ContentView.swift */ = {isa = PBXFileReference; lastKnownFileType = sourcecode.swift; path = ContentView.swift; sourceTree = "<group>"; };
		373E5C4B29251CDD00631727 /* Assets.xcassets */ = {isa = PBXFileReference; lastKnownFileType = folder.assetcatalog; path = Assets.xcassets; sourceTree = "<group>"; };
		373E5C4E29251CDD00631727 /* Preview Assets.xcassets */ = {isa = PBXFileReference; lastKnownFileType = folder.assetcatalog; path = "Preview Assets.xcassets"; sourceTree = "<group>"; };
		373E5C5429251CDD00631727 /* DRIVLABTests.xctest */ = {isa = PBXFileReference; explicitFileType = wrapper.cfbundle; includeInIndex = 0; path = DRIVLABTests.xctest; sourceTree = BUILT_PRODUCTS_DIR; };
		373E5C5829251CDD00631727 /* DRIVLABTests.swift */ = {isa = PBXFileReference; lastKnownFileType = sourcecode.swift; path = DRIVLABTests.swift; sourceTree = "<group>"; };
		373E5C5E29251CDD00631727 /* DRIVLABUITests.xctest */ = {isa = PBXFileReference; explicitFileType = wrapper.cfbundle; includeInIndex = 0; path = DRIVLABUITests.xctest; sourceTree = BUILT_PRODUCTS_DIR; };
		373E5C6229251CDD00631727 /* DRIVLABUITests.swift */ = {isa = PBXFileReference; lastKnownFileType = sourcecode.swift; path = DRIVLABUITests.swift; sourceTree = "<group>"; };
		373E5C6429251CDD00631727 /* DRIVLABUITestsLaunchTests.swift */ = {isa = PBXFileReference; lastKnownFileType = sourcecode.swift; path = DRIVLABUITestsLaunchTests.swift; sourceTree = "<group>"; };
		373E5C7129251D7400631727 /* ProfileView.swift */ = {isa = PBXFileReference; lastKnownFileType = sourcecode.swift; path = ProfileView.swift; sourceTree = "<group>"; };
		373E5C7329251DBB00631727 /* CameraView.swift */ = {isa = PBXFileReference; lastKnownFileType = sourcecode.swift; path = CameraView.swift; sourceTree = "<group>"; };
		373E5C752925200400631727 /* LeaderboardView.swift */ = {isa = PBXFileReference; lastKnownFileType = sourcecode.swift; path = LeaderboardView.swift; sourceTree = "<group>"; };
		373E5C77292522EE00631727 /* ActivityView.swift */ = {isa = PBXFileReference; lastKnownFileType = sourcecode.swift; path = ActivityView.swift; sourceTree = "<group>"; };
		373E5C79292525F800631727 /* SettingsView.swift */ = {isa = PBXFileReference; lastKnownFileType = sourcecode.swift; path = SettingsView.swift; sourceTree = "<group>"; };
		373E5C7B2925403B00631727 /* ActivityDetailsView.swift */ = {isa = PBXFileReference; lastKnownFileType = sourcecode.swift; path = ActivityDetailsView.swift; sourceTree = "<group>"; };
		373E5CC129258BBE00631727 /* ProfileStatsView.swift */ = {isa = PBXFileReference; lastKnownFileType = sourcecode.swift; path = ProfileStatsView.swift; sourceTree = "<group>"; };
		373E5CC329258BEB00631727 /* Drive.swift */ = {isa = PBXFileReference; lastKnownFileType = sourcecode.swift; path = Drive.swift; sourceTree = "<group>"; };
		373E5CC529258C0100631727 /* User.swift */ = {isa = PBXFileReference; lastKnownFileType = sourcecode.swift; path = User.swift; sourceTree = "<group>"; };
/* End PBXFileReference section */

/* Begin PBXFrameworksBuildPhase section */
		373E5C4129251CDA00631727 /* Frameworks */ = {
			isa = PBXFrameworksBuildPhase;
			buildActionMask = 2147483647;
			files = (
			);
			runOnlyForDeploymentPostprocessing = 0;
		};
		373E5C5129251CDD00631727 /* Frameworks */ = {
			isa = PBXFrameworksBuildPhase;
			buildActionMask = 2147483647;
			files = (
			);
			runOnlyForDeploymentPostprocessing = 0;
		};
		373E5C5B29251CDD00631727 /* Frameworks */ = {
			isa = PBXFrameworksBuildPhase;
			buildActionMask = 2147483647;
			files = (
			);
			runOnlyForDeploymentPostprocessing = 0;
		};
/* End PBXFrameworksBuildPhase section */

/* Begin PBXGroup section */
		373E5C3B29251CDA00631727 = {
			isa = PBXGroup;
			children = (
				373E5C4629251CDA00631727 /* DRIVLAB */,
				373E5C5729251CDD00631727 /* DRIVLABTests */,
				373E5C6129251CDD00631727 /* DRIVLABUITests */,
				373E5C4529251CDA00631727 /* Products */,
			);
			sourceTree = "<group>";
		};
		373E5C4529251CDA00631727 /* Products */ = {
			isa = PBXGroup;
			children = (
				373E5C4429251CDA00631727 /* DRIVLAB.app */,
				373E5C5429251CDD00631727 /* DRIVLABTests.xctest */,
				373E5C5E29251CDD00631727 /* DRIVLABUITests.xctest */,
			);
			name = Products;
			sourceTree = "<group>";
		};
		373E5C4629251CDA00631727 /* DRIVLAB */ = {
			isa = PBXGroup;
			children = (
				373E5CC129258BBE00631727 /* ProfileStatsView.swift */,
				373E5CC029258BA300631727 /* Models */,
				373E5C4729251CDA00631727 /* DRIVLABApp.swift */,
				373E5C4929251CDA00631727 /* ContentView.swift */,
				373E5C752925200400631727 /* LeaderboardView.swift */,
				373E5C7329251DBB00631727 /* CameraView.swift */,
				373E5C7129251D7400631727 /* ProfileView.swift */,
				373E5C79292525F800631727 /* SettingsView.swift */,
				373E5C77292522EE00631727 /* ActivityView.swift */,
				373E5C7B2925403B00631727 /* ActivityDetailsView.swift */,
				373E5C4B29251CDD00631727 /* Assets.xcassets */,
				373E5C4D29251CDD00631727 /* Preview Content */,
			);
			path = DRIVLAB;
			sourceTree = "<group>";
		};
		373E5C4D29251CDD00631727 /* Preview Content */ = {
			isa = PBXGroup;
			children = (
				373E5C4E29251CDD00631727 /* Preview Assets.xcassets */,
			);
			path = "Preview Content";
			sourceTree = "<group>";
		};
		373E5C5729251CDD00631727 /* DRIVLABTests */ = {
			isa = PBXGroup;
			children = (
				373E5C5829251CDD00631727 /* DRIVLABTests.swift */,
			);
			path = DRIVLABTests;
			sourceTree = "<group>";
		};
		373E5C6129251CDD00631727 /* DRIVLABUITests */ = {
			isa = PBXGroup;
			children = (
				373E5C6229251CDD00631727 /* DRIVLABUITests.swift */,
				373E5C6429251CDD00631727 /* DRIVLABUITestsLaunchTests.swift */,
			);
			path = DRIVLABUITests;
			sourceTree = "<group>";
		};
		373E5CC029258BA300631727 /* Models */ = {
			isa = PBXGroup;
			children = (
				373E5CC329258BEB00631727 /* Drive.swift */,
				373E5CC529258C0100631727 /* User.swift */,
			);
			path = Models;
			sourceTree = "<group>";
		};
/* End PBXGroup section */

/* Begin PBXNativeTarget section */
		373E5C4329251CDA00631727 /* DRIVLAB */ = {
			isa = PBXNativeTarget;
			buildConfigurationList = 373E5C6829251CDD00631727 /* Build configuration list for PBXNativeTarget "DRIVLAB" */;
			buildPhases = (
				373E5C4029251CDA00631727 /* Sources */,
				373E5C4129251CDA00631727 /* Frameworks */,
				373E5C4229251CDA00631727 /* Resources */,
			);
			buildRules = (
			);
			dependencies = (
			);
			name = DRIVLAB;
			productName = DRIVLAB;
			productReference = 373E5C4429251CDA00631727 /* DRIVLAB.app */;
			productType = "com.apple.product-type.application";
		};
		373E5C5329251CDD00631727 /* DRIVLABTests */ = {
			isa = PBXNativeTarget;
			buildConfigurationList = 373E5C6B29251CDD00631727 /* Build configuration list for PBXNativeTarget "DRIVLABTests" */;
			buildPhases = (
				373E5C5029251CDD00631727 /* Sources */,
				373E5C5129251CDD00631727 /* Frameworks */,
				373E5C5229251CDD00631727 /* Resources */,
			);
			buildRules = (
			);
			dependencies = (
				373E5C5629251CDD00631727 /* PBXTargetDependency */,
			);
			name = DRIVLABTests;
			productName = DRIVLABTests;
			productReference = 373E5C5429251CDD00631727 /* DRIVLABTests.xctest */;
			productType = "com.apple.product-type.bundle.unit-test";
		};
		373E5C5D29251CDD00631727 /* DRIVLABUITests */ = {
			isa = PBXNativeTarget;
			buildConfigurationList = 373E5C6E29251CDD00631727 /* Build configuration list for PBXNativeTarget "DRIVLABUITests" */;
			buildPhases = (
				373E5C5A29251CDD00631727 /* Sources */,
				373E5C5B29251CDD00631727 /* Frameworks */,
				373E5C5C29251CDD00631727 /* Resources */,
			);
			buildRules = (
			);
			dependencies = (
				373E5C6029251CDD00631727 /* PBXTargetDependency */,
			);
			name = DRIVLABUITests;
			productName = DRIVLABUITests;
			productReference = 373E5C5E29251CDD00631727 /* DRIVLABUITests.xctest */;
			productType = "com.apple.product-type.bundle.ui-testing";
		};
/* End PBXNativeTarget section */

/* Begin PBXProject section */
		373E5C3C29251CDA00631727 /* Project object */ = {
			isa = PBXProject;
			attributes = {
				BuildIndependentTargetsInParallel = 1;
				LastSwiftUpdateCheck = 1410;
				LastUpgradeCheck = 1410;
				TargetAttributes = {
					373E5C4329251CDA00631727 = {
						CreatedOnToolsVersion = 14.1;
					};
					373E5C5329251CDD00631727 = {
						CreatedOnToolsVersion = 14.1;
						TestTargetID = 373E5C4329251CDA00631727;
					};
					373E5C5D29251CDD00631727 = {
						CreatedOnToolsVersion = 14.1;
						TestTargetID = 373E5C4329251CDA00631727;
					};
				};
			};
			buildConfigurationList = 373E5C3F29251CDA00631727 /* Build configuration list for PBXProject "DRIVLAB" */;
			compatibilityVersion = "Xcode 14.0";
			developmentRegion = en;
			hasScannedForEncodings = 0;
			knownRegions = (
				en,
				Base,
			);
			mainGroup = 373E5C3B29251CDA00631727;
			productRefGroup = 373E5C4529251CDA00631727 /* Products */;
			projectDirPath = "";
			projectRoot = "";
			targets = (
				373E5C4329251CDA00631727 /* DRIVLAB */,
				373E5C5329251CDD00631727 /* DRIVLABTests */,
				373E5C5D29251CDD00631727 /* DRIVLABUITests */,
			);
		};
/* End PBXProject section */

/* Begin PBXResourcesBuildPhase section */
		373E5C4229251CDA00631727 /* Resources */ = {
			isa = PBXResourcesBuildPhase;
			buildActionMask = 2147483647;
			files = (
				373E5C4F29251CDD00631727 /* Preview Assets.xcassets in Resources */,
				373E5C4C29251CDD00631727 /* Assets.xcassets in Resources */,
			);
			runOnlyForDeploymentPostprocessing = 0;
		};
		373E5C5229251CDD00631727 /* Resources */ = {
			isa = PBXResourcesBuildPhase;
			buildActionMask = 2147483647;
			files = (
			);
			runOnlyForDeploymentPostprocessing = 0;
		};
		373E5C5C29251CDD00631727 /* Resources */ = {
			isa = PBXResourcesBuildPhase;
			buildActionMask = 2147483647;
			files = (
			);
			runOnlyForDeploymentPostprocessing = 0;
		};
/* End PBXResourcesBuildPhase section */

/* Begin PBXSourcesBuildPhase section */
		373E5C4029251CDA00631727 /* Sources */ = {
			isa = PBXSourcesBuildPhase;
			buildActionMask = 2147483647;
			files = (
				373E5C7A292525F800631727 /* SettingsView.swift in Sources */,
				373E5C762925200400631727 /* LeaderboardView.swift in Sources */,
				373E5C7C2925403B00631727 /* ActivityDetailsView.swift in Sources */,
				373E5C4A29251CDA00631727 /* ContentView.swift in Sources */,
				373E5CC229258BBE00631727 /* ProfileStatsView.swift in Sources */,
				373E5C7229251D7400631727 /* ProfileView.swift in Sources */,
				373E5CC429258BEB00631727 /* Drive.swift in Sources */,
				373E5C4829251CDA00631727 /* DRIVLABApp.swift in Sources */,
				373E5C7429251DBB00631727 /* CameraView.swift in Sources */,
				373E5C78292522EE00631727 /* ActivityView.swift in Sources */,
				373E5CC629258C0100631727 /* User.swift in Sources */,
			);
			runOnlyForDeploymentPostprocessing = 0;
		};
		373E5C5029251CDD00631727 /* Sources */ = {
			isa = PBXSourcesBuildPhase;
			buildActionMask = 2147483647;
			files = (
				373E5C5929251CDD00631727 /* DRIVLABTests.swift in Sources */,
			);
			runOnlyForDeploymentPostprocessing = 0;
		};
		373E5C5A29251CDD00631727 /* Sources */ = {
			isa = PBXSourcesBuildPhase;
			buildActionMask = 2147483647;
			files = (
				373E5C6329251CDD00631727 /* DRIVLABUITests.swift in Sources */,
				373E5C6529251CDD00631727 /* DRIVLABUITestsLaunchTests.swift in Sources */,
			);
			runOnlyForDeploymentPostprocessing = 0;
		};
/* End PBXSourcesBuildPhase section */

/* Begin PBXTargetDependency section */
		373E5C5629251CDD00631727 /* PBXTargetDependency */ = {
			isa = PBXTargetDependency;
			target = 373E5C4329251CDA00631727 /* DRIVLAB */;
			targetProxy = 373E5C5529251CDD00631727 /* PBXContainerItemProxy */;
		};
		373E5C6029251CDD00631727 /* PBXTargetDependency */ = {
			isa = PBXTargetDependency;
			target = 373E5C4329251CDA00631727 /* DRIVLAB */;
			targetProxy = 373E5C5F29251CDD00631727 /* PBXContainerItemProxy */;
		};
/* End PBXTargetDependency section */

/* Begin XCBuildConfiguration section */
		373E5C6629251CDD00631727 /* Debug */ = {
			isa = XCBuildConfiguration;
			buildSettings = {
				ALWAYS_SEARCH_USER_PATHS = NO;
				CLANG_ANALYZER_NONNULL = YES;
				CLANG_ANALYZER_NUMBER_OBJECT_CONVERSION = YES_AGGRESSIVE;
				CLANG_CXX_LANGUAGE_STANDARD = "gnu++20";
				CLANG_ENABLE_MODULES = YES;
				CLANG_ENABLE_OBJC_ARC = YES;
				CLANG_ENABLE_OBJC_WEAK = YES;
				CLANG_WARN_BLOCK_CAPTURE_AUTORELEASING = YES;
				CLANG_WARN_BOOL_CONVERSION = YES;
				CLANG_WARN_COMMA = YES;
				CLANG_WARN_CONSTANT_CONVERSION = YES;
				CLANG_WARN_DEPRECATED_OBJC_IMPLEMENTATIONS = YES;
				CLANG_WARN_DIRECT_OBJC_ISA_USAGE = YES_ERROR;
				CLANG_WARN_DOCUMENTATION_COMMENTS = YES;
				CLANG_WARN_EMPTY_BODY = YES;
				CLANG_WARN_ENUM_CONVERSION = YES;
				CLANG_WARN_INFINITE_RECURSION = YES;
				CLANG_WARN_INT_CONVERSION = YES;
				CLANG_WARN_NON_LITERAL_NULL_CONVERSION = YES;
				CLANG_WARN_OBJC_IMPLICIT_RETAIN_SELF = YES;
				CLANG_WARN_OBJC_LITERAL_CONVERSION = YES;
				CLANG_WARN_OBJC_ROOT_CLASS = YES_ERROR;
				CLANG_WARN_QUOTED_INCLUDE_IN_FRAMEWORK_HEADER = YES;
				CLANG_WARN_RANGE_LOOP_ANALYSIS = YES;
				CLANG_WARN_STRICT_PROTOTYPES = YES;
				CLANG_WARN_SUSPICIOUS_MOVE = YES;
				CLANG_WARN_UNGUARDED_AVAILABILITY = YES_AGGRESSIVE;
				CLANG_WARN_UNREACHABLE_CODE = YES;
				CLANG_WARN__DUPLICATE_METHOD_MATCH = YES;
				COPY_PHASE_STRIP = NO;
				DEBUG_INFORMATION_FORMAT = dwarf;
				ENABLE_STRICT_OBJC_MSGSEND = YES;
				ENABLE_TESTABILITY = YES;
				GCC_C_LANGUAGE_STANDARD = gnu11;
				GCC_DYNAMIC_NO_PIC = NO;
				GCC_NO_COMMON_BLOCKS = YES;
				GCC_OPTIMIZATION_LEVEL = 0;
				GCC_PREPROCESSOR_DEFINITIONS = (
					"DEBUG=1",
					"$(inherited)",
				);
				GCC_WARN_64_TO_32_BIT_CONVERSION = YES;
				GCC_WARN_ABOUT_RETURN_TYPE = YES_ERROR;
				GCC_WARN_UNDECLARED_SELECTOR = YES;
				GCC_WARN_UNINITIALIZED_AUTOS = YES_AGGRESSIVE;
				GCC_WARN_UNUSED_FUNCTION = YES;
				GCC_WARN_UNUSED_VARIABLE = YES;
				IPHONEOS_DEPLOYMENT_TARGET = 16.1;
				MTL_ENABLE_DEBUG_INFO = INCLUDE_SOURCE;
				MTL_FAST_MATH = YES;
				ONLY_ACTIVE_ARCH = YES;
				SDKROOT = iphoneos;
				SWIFT_ACTIVE_COMPILATION_CONDITIONS = DEBUG;
				SWIFT_OPTIMIZATION_LEVEL = "-Onone";
			};
			name = Debug;
		};
		373E5C6729251CDD00631727 /* Release */ = {
			isa = XCBuildConfiguration;
			buildSettings = {
				ALWAYS_SEARCH_USER_PATHS = NO;
				CLANG_ANALYZER_NONNULL = YES;
				CLANG_ANALYZER_NUMBER_OBJECT_CONVERSION = YES_AGGRESSIVE;
				CLANG_CXX_LANGUAGE_STANDARD = "gnu++20";
				CLANG_ENABLE_MODULES = YES;
				CLANG_ENABLE_OBJC_ARC = YES;
				CLANG_ENABLE_OBJC_WEAK = YES;
				CLANG_WARN_BLOCK_CAPTURE_AUTORELEASING = YES;
				CLANG_WARN_BOOL_CONVERSION = YES;
				CLANG_WARN_COMMA = YES;
				CLANG_WARN_CONSTANT_CONVERSION = YES;
				CLANG_WARN_DEPRECATED_OBJC_IMPLEMENTATIONS = YES;
				CLANG_WARN_DIRECT_OBJC_ISA_USAGE = YES_ERROR;
				CLANG_WARN_DOCUMENTATION_COMMENTS = YES;
				CLANG_WARN_EMPTY_BODY = YES;
				CLANG_WARN_ENUM_CONVERSION = YES;
				CLANG_WARN_INFINITE_RECURSION = YES;
				CLANG_WARN_INT_CONVERSION = YES;
				CLANG_WARN_NON_LITERAL_NULL_CONVERSION = YES;
				CLANG_WARN_OBJC_IMPLICIT_RETAIN_SELF = YES;
				CLANG_WARN_OBJC_LITERAL_CONVERSION = YES;
				CLANG_WARN_OBJC_ROOT_CLASS = YES_ERROR;
				CLANG_WARN_QUOTED_INCLUDE_IN_FRAMEWORK_HEADER = YES;
				CLANG_WARN_RANGE_LOOP_ANALYSIS = YES;
				CLANG_WARN_STRICT_PROTOTYPES = YES;
				CLANG_WARN_SUSPICIOUS_MOVE = YES;
				CLANG_WARN_UNGUARDED_AVAILABILITY = YES_AGGRESSIVE;
				CLANG_WARN_UNREACHABLE_CODE = YES;
				CLANG_WARN__DUPLICATE_METHOD_MATCH = YES;
				COPY_PHASE_STRIP = NO;
				DEBUG_INFORMATION_FORMAT = "dwarf-with-dsym";
				ENABLE_NS_ASSERTIONS = NO;
				ENABLE_STRICT_OBJC_MSGSEND = YES;
				GCC_C_LANGUAGE_STANDARD = gnu11;
				GCC_NO_COMMON_BLOCKS = YES;
				GCC_WARN_64_TO_32_BIT_CONVERSION = YES;
				GCC_WARN_ABOUT_RETURN_TYPE = YES_ERROR;
				GCC_WARN_UNDECLARED_SELECTOR = YES;
				GCC_WARN_UNINITIALIZED_AUTOS = YES_AGGRESSIVE;
				GCC_WARN_UNUSED_FUNCTION = YES;
				GCC_WARN_UNUSED_VARIABLE = YES;
				IPHONEOS_DEPLOYMENT_TARGET = 16.1;
				MTL_ENABLE_DEBUG_INFO = NO;
				MTL_FAST_MATH = YES;
				SDKROOT = iphoneos;
				SWIFT_COMPILATION_MODE = wholemodule;
				SWIFT_OPTIMIZATION_LEVEL = "-O";
				VALIDATE_PRODUCT = YES;
			};
			name = Release;
		};
		373E5C6929251CDD00631727 /* Debug */ = {
			isa = XCBuildConfiguration;
			buildSettings = {
				ASSETCATALOG_COMPILER_APPICON_NAME = AppIcon;
				ASSETCATALOG_COMPILER_GLOBAL_ACCENT_COLOR_NAME = AccentColor;
				CODE_SIGN_STYLE = Automatic;
				CURRENT_PROJECT_VERSION = 1;
				DEVELOPMENT_ASSET_PATHS = "\"DRIVLAB/Preview Content\"";
				DEVELOPMENT_TEAM = ZQ6CKMW9NA;
				ENABLE_PREVIEWS = YES;
				GENERATE_INFOPLIST_FILE = YES;
				INFOPLIST_KEY_UIApplicationSceneManifest_Generation = YES;
				INFOPLIST_KEY_UIApplicationSupportsIndirectInputEvents = YES;
				INFOPLIST_KEY_UILaunchScreen_Generation = YES;
				INFOPLIST_KEY_UISupportedInterfaceOrientations_iPad = "UIInterfaceOrientationPortrait UIInterfaceOrientationPortraitUpsideDown UIInterfaceOrientationLandscapeLeft UIInterfaceOrientationLandscapeRight";
				INFOPLIST_KEY_UISupportedInterfaceOrientations_iPhone = "UIInterfaceOrientationPortrait UIInterfaceOrientationLandscapeLeft UIInterfaceOrientationLandscapeRight";
				LD_RUNPATH_SEARCH_PATHS = (
					"$(inherited)",
					"@executable_path/Frameworks",
				);
				MARKETING_VERSION = 1.0;
				PRODUCT_BUNDLE_IDENTIFIER = pt.ipl.xmedavid.DRIVLAB;
				PRODUCT_NAME = "$(TARGET_NAME)";
				SWIFT_EMIT_LOC_STRINGS = YES;
				SWIFT_VERSION = 5.0;
				TARGETED_DEVICE_FAMILY = "1,2";
			};
			name = Debug;
		};
		373E5C6A29251CDD00631727 /* Release */ = {
			isa = XCBuildConfiguration;
			buildSettings = {
				ASSETCATALOG_COMPILER_APPICON_NAME = AppIcon;
				ASSETCATALOG_COMPILER_GLOBAL_ACCENT_COLOR_NAME = AccentColor;
				CODE_SIGN_STYLE = Automatic;
				CURRENT_PROJECT_VERSION = 1;
				DEVELOPMENT_ASSET_PATHS = "\"DRIVLAB/Preview Content\"";
				DEVELOPMENT_TEAM = ZQ6CKMW9NA;
				ENABLE_PREVIEWS = YES;
				GENERATE_INFOPLIST_FILE = YES;
				INFOPLIST_KEY_UIApplicationSceneManifest_Generation = YES;
				INFOPLIST_KEY_UIApplicationSupportsIndirectInputEvents = YES;
				INFOPLIST_KEY_UILaunchScreen_Generation = YES;
				INFOPLIST_KEY_UISupportedInterfaceOrientations_iPad = "UIInterfaceOrientationPortrait UIInterfaceOrientationPortraitUpsideDown UIInterfaceOrientationLandscapeLeft UIInterfaceOrientationLandscapeRight";
				INFOPLIST_KEY_UISupportedInterfaceOrientations_iPhone = "UIInterfaceOrientationPortrait UIInterfaceOrientationLandscapeLeft UIInterfaceOrientationLandscapeRight";
				LD_RUNPATH_SEARCH_PATHS = (
					"$(inherited)",
					"@executable_path/Frameworks",
				);
				MARKETING_VERSION = 1.0;
				PRODUCT_BUNDLE_IDENTIFIER = pt.ipl.xmedavid.DRIVLAB;
				PRODUCT_NAME = "$(TARGET_NAME)";
				SWIFT_EMIT_LOC_STRINGS = YES;
				SWIFT_VERSION = 5.0;
				TARGETED_DEVICE_FAMILY = "1,2";
			};
			name = Release;
		};
		373E5C6C29251CDD00631727 /* Debug */ = {
			isa = XCBuildConfiguration;
			buildSettings = {
				ALWAYS_EMBED_SWIFT_STANDARD_LIBRARIES = YES;
				BUNDLE_LOADER = "$(TEST_HOST)";
				CODE_SIGN_STYLE = Automatic;
				CURRENT_PROJECT_VERSION = 1;
				DEVELOPMENT_TEAM = ZQ6CKMW9NA;
				GENERATE_INFOPLIST_FILE = YES;
				IPHONEOS_DEPLOYMENT_TARGET = 16.1;
				MARKETING_VERSION = 1.0;
				PRODUCT_BUNDLE_IDENTIFIER = pt.ipl.xmedavid.DRIVLABTests;
				PRODUCT_NAME = "$(TARGET_NAME)";
				SWIFT_EMIT_LOC_STRINGS = NO;
				SWIFT_VERSION = 5.0;
				TARGETED_DEVICE_FAMILY = "1,2";
				TEST_HOST = "$(BUILT_PRODUCTS_DIR)/DRIVLAB.app/$(BUNDLE_EXECUTABLE_FOLDER_PATH)/DRIVLAB";
			};
			name = Debug;
		};
		373E5C6D29251CDD00631727 /* Release */ = {
			isa = XCBuildConfiguration;
			buildSettings = {
				ALWAYS_EMBED_SWIFT_STANDARD_LIBRARIES = YES;
				BUNDLE_LOADER = "$(TEST_HOST)";
				CODE_SIGN_STYLE = Automatic;
				CURRENT_PROJECT_VERSION = 1;
				DEVELOPMENT_TEAM = ZQ6CKMW9NA;
				GENERATE_INFOPLIST_FILE = YES;
				IPHONEOS_DEPLOYMENT_TARGET = 16.1;
				MARKETING_VERSION = 1.0;
				PRODUCT_BUNDLE_IDENTIFIER = pt.ipl.xmedavid.DRIVLABTests;
				PRODUCT_NAME = "$(TARGET_NAME)";
				SWIFT_EMIT_LOC_STRINGS = NO;
				SWIFT_VERSION = 5.0;
				TARGETED_DEVICE_FAMILY = "1,2";
				TEST_HOST = "$(BUILT_PRODUCTS_DIR)/DRIVLAB.app/$(BUNDLE_EXECUTABLE_FOLDER_PATH)/DRIVLAB";
			};
			name = Release;
		};
		373E5C6F29251CDD00631727 /* Debug */ = {
			isa = XCBuildConfiguration;
			buildSettings = {
				ALWAYS_EMBED_SWIFT_STANDARD_LIBRARIES = YES;
				CODE_SIGN_STYLE = Automatic;
				CURRENT_PROJECT_VERSION = 1;
				DEVELOPMENT_TEAM = ZQ6CKMW9NA;
				GENERATE_INFOPLIST_FILE = YES;
				MARKETING_VERSION = 1.0;
				PRODUCT_BUNDLE_IDENTIFIER = pt.ipl.xmedavid.DRIVLABUITests;
				PRODUCT_NAME = "$(TARGET_NAME)";
				SWIFT_EMIT_LOC_STRINGS = NO;
				SWIFT_VERSION = 5.0;
				TARGETED_DEVICE_FAMILY = "1,2";
				TEST_TARGET_NAME = DRIVLAB;
			};
			name = Debug;
		};
		373E5C7029251CDD00631727 /* Release */ = {
			isa = XCBuildConfiguration;
			buildSettings = {
				ALWAYS_EMBED_SWIFT_STANDARD_LIBRARIES = YES;
				CODE_SIGN_STYLE = Automatic;
				CURRENT_PROJECT_VERSION = 1;
				DEVELOPMENT_TEAM = ZQ6CKMW9NA;
				GENERATE_INFOPLIST_FILE = YES;
				MARKETING_VERSION = 1.0;
				PRODUCT_BUNDLE_IDENTIFIER = pt.ipl.xmedavid.DRIVLABUITests;
				PRODUCT_NAME = "$(TARGET_NAME)";
				SWIFT_EMIT_LOC_STRINGS = NO;
				SWIFT_VERSION = 5.0;
				TARGETED_DEVICE_FAMILY = "1,2";
				TEST_TARGET_NAME = DRIVLAB;
			};
			name = Release;
		};
/* End XCBuildConfiguration section */

/* Begin XCConfigurationList section */
		373E5C3F29251CDA00631727 /* Build configuration list for PBXProject "DRIVLAB" */ = {
			isa = XCConfigurationList;
			buildConfigurations = (
				373E5C6629251CDD00631727 /* Debug */,
				373E5C6729251CDD00631727 /* Release */,
			);
			defaultConfigurationIsVisible = 0;
			defaultConfigurationName = Release;
		};
		373E5C6829251CDD00631727 /* Build configuration list for PBXNativeTarget "DRIVLAB" */ = {
			isa = XCConfigurationList;
			buildConfigurations = (
				373E5C6929251CDD00631727 /* Debug */,
				373E5C6A29251CDD00631727 /* Release */,
			);
			defaultConfigurationIsVisible = 0;
			defaultConfigurationName = Release;
		};
		373E5C6B29251CDD00631727 /* Build configuration list for PBXNativeTarget "DRIVLABTests" */ = {
			isa = XCConfigurationList;
			buildConfigurations = (
				373E5C6C29251CDD00631727 /* Debug */,
				373E5C6D29251CDD00631727 /* Release */,
			);
			defaultConfigurationIsVisible = 0;
			defaultConfigurationName = Release;
		};
		373E5C6E29251CDD00631727 /* Build configuration list for PBXNativeTarget "DRIVLABUITests" */ = {
			isa = XCConfigurationList;
			buildConfigurations = (
				373E5C6F29251CDD00631727 /* Debug */,
				373E5C7029251CDD00631727 /* Release */,
			);
			defaultConfigurationIsVisible = 0;
			defaultConfigurationName = Release;
		};
/* End XCConfigurationList section */
	};
	rootObject = 373E5C3C29251CDA00631727 /* Project object */;
}
